
Microsoft Visual Studio Solution File, Format Version 12.00
# Visual Studio Version 16
VisualStudioVersion = 16.0.31702.278
MinimumVisualStudioVersion = 10.0.40219.1
Project("{8BC9CEB8-8B4A-11D0-8D11-00A0C91BC942}") = "Dictionary 2.0", "Dictionary 2.0\Dictionary 2.0.vcxproj", "{334FD1B6-4533-422A-9F00-D61C321C5B67}"
EndProject
Global
	GlobalSection(SolutionConfigurationPlatforms) = preSolution
		Debug|x64 = Debug|x64
		Debug|x86 = Debug|x86
		Release|x64 = Release|x64
		Release|x86 = Release|x86
	EndGlobalSection
	GlobalSection(ProjectConfigurationPlatforms) = postSolution
		{334FD1B6-4533-422A-9F00-D61C321C5B67}.Debug|x64.ActiveCfg = Debug|x64
		{334FD1B6-4533-422A-9F00-D61C321C5B67}.Debug|x64.Build.0 = Debug|x64
		{334FD1B6-4533-422A-9F00-D61C321C5B67}.Debug|x86.ActiveCfg = Debug|Win32
		{334FD1B6-4533-422A-9F00-D61C321C5B67}.Debug|x86.Build.0 = Debug|Win32
		{334FD1B6-4533-422A-9F00-D61C321C5B67}.Release|x64.ActiveCfg = Release|x64
		{334FD1B6-4533-422A-9F00-D61C321C5B67}.Release|x64.Build.0 = Release|x64
		{334FD1B6-4533-422A-9F00-D61C321C5B67}.Release|x86.ActiveCfg = Release|Win32
		{334FD1B6-4533-422A-9F00-D61C321C5B67}.Release|x86.Build.0 = Release|Win32
	EndGlobalSection
	GlobalSection(SolutionProperties) = preSolution
		HideSolutionNode = FALSE
	EndGlobalSection
	GlobalSection(ExtensibilityGlobals) = postSolution
		SolutionGuid = {31A28D20-BDBD-4BCF-A120-8C62F4FDE188}
	EndGlobalSection
EndGlobal
